
Microsoft Visual Studio Solution File, Format Version 12.00
Project("{FAE04EC0-301F-11D3-BF4B-00C04F79EFBC}") = "Vinted_Assignment", "Vinted_Assignment\Vinted_Assignment.csproj", "{6A62BBC5-9610-476B-92B4-3C230C729862}"
EndProject
Project("{FAE04EC0-301F-11D3-BF4B-00C04F79EFBC}") = "Vinted_Assignment_Tests", "Vinted_Assignment_Tests\Vinted_Assignment_Tests.csproj", "{5B64D537-9516-4002-BBFD-662F08D52EB9}"
EndProject
Global
	GlobalSection(SolutionConfigurationPlatforms) = preSolution
		Debug|Any CPU = Debug|Any CPU
		Release|Any CPU = Release|Any CPU
	EndGlobalSection
	GlobalSection(ProjectConfigurationPlatforms) = postSolution
		{6A62BBC5-9610-476B-92B4-3C230C729862}.Debug|Any CPU.ActiveCfg = Debug|Any CPU
		{6A62BBC5-9610-476B-92B4-3C230C729862}.Debug|Any CPU.Build.0 = Debug|Any CPU
		{6A62BBC5-9610-476B-92B4-3C230C729862}.Release|Any CPU.ActiveCfg = Release|Any CPU
		{6A62BBC5-9610-476B-92B4-3C230C729862}.Release|Any CPU.Build.0 = Release|Any CPU
		{5B64D537-9516-4002-BBFD-662F08D52EB9}.Debug|Any CPU.ActiveCfg = Debug|Any CPU
		{5B64D537-9516-4002-BBFD-662F08D52EB9}.Debug|Any CPU.Build.0 = Debug|Any CPU
		{5B64D537-9516-4002-BBFD-662F08D52EB9}.Release|Any CPU.ActiveCfg = Release|Any CPU
		{5B64D537-9516-4002-BBFD-662F08D52EB9}.Release|Any CPU.Build.0 = Release|Any CPU
	EndGlobalSection
EndGlobal
